
Microsoft Visual Studio Solution File, Format Version 12.00
# Visual Studio 15
VisualStudioVersion = 15.0.28307.329
MinimumVisualStudioVersion = 10.0.40219.1
Project("{FAE04EC0-301F-11D3-BF4B-00C04F79EFBC}") = "RestWithASPNETUdemy", "RestWithASPNETUdemy\RestWithASPNETUdemy.csproj", "{12AA6910-347E-4857-9F2B-3573959F41EB}"
EndProject
Global
	GlobalSection(SolutionConfigurationPlatforms) = preSolution
		Debug|Any CPU = Debug|Any CPU
		Release|Any CPU = Release|Any CPU
	EndGlobalSection
	GlobalSection(ProjectConfigurationPlatforms) = postSolution
		{12AA6910-347E-4857-9F2B-3573959F41EB}.Debug|Any CPU.ActiveCfg = Debug|Any CPU
		{12AA6910-347E-4857-9F2B-3573959F41EB}.Debug|Any CPU.Build.0 = Debug|Any CPU
		{12AA6910-347E-4857-9F2B-3573959F41EB}.Release|Any CPU.ActiveCfg = Release|Any CPU
		{12AA6910-347E-4857-9F2B-3573959F41EB}.Release|Any CPU.Build.0 = Release|Any CPU
	EndGlobalSection
	GlobalSection(SolutionProperties) = preSolution
		HideSolutionNode = FALSE
	EndGlobalSection
	GlobalSection(ExtensibilityGlobals) = postSolution
		SolutionGuid = {29B48DF0-958C-4607-892A-F38A2428B2DD}
	EndGlobalSection
EndGlobal
